
Microsoft Visual Studio Solution File, Format Version 12.00
# Visual Studio Version 16
VisualStudioVersion = 16.0.32510.428
MinimumVisualStudioVersion = 10.0.40219.1
Project("{FAE04EC0-301F-11D3-BF4B-00C04F79EFBC}") = "DemonstrationForLev", "DemonstrationForLev\DemonstrationForLev.csproj", "{F66F7936-5C2E-4DAE-8C0B-AF4AA9166445}"
EndProject
Global
	GlobalSection(SolutionConfigurationPlatforms) = preSolution
		Debug|Any CPU = Debug|Any CPU
		Release|Any CPU = Release|Any CPU
	EndGlobalSection
	GlobalSection(ProjectConfigurationPlatforms) = postSolution
		{F66F7936-5C2E-4DAE-8C0B-AF4AA9166445}.Debug|Any CPU.ActiveCfg = Debug|Any CPU
		{F66F7936-5C2E-4DAE-8C0B-AF4AA9166445}.Debug|Any CPU.Build.0 = Debug|Any CPU
		{F66F7936-5C2E-4DAE-8C0B-AF4AA9166445}.Release|Any CPU.ActiveCfg = Release|Any CPU
		{F66F7936-5C2E-4DAE-8C0B-AF4AA9166445}.Release|Any CPU.Build.0 = Release|Any CPU
	EndGlobalSection
	GlobalSection(SolutionProperties) = preSolution
		HideSolutionNode = FALSE
	EndGlobalSection
	GlobalSection(ExtensibilityGlobals) = postSolution
		SolutionGuid = {6584CA73-C810-4A1F-A9F9-9742CEBDE35B}
	EndGlobalSection
EndGlobal
